{
  "name": "dhrn-address-lookup",
  "version": "1.0.0",
  "lockfileVersion": 3,
  "requires": true,
  "packages": {
    "": {
      "name": "dhrn-address-lookup",
      "version": "1.0.0",
      "license": "ISC",
      "dependencies": {
        "@json2csv/plainjs": "^7.0.6",
        "@types/node": "^20.11.17",
        "csv": "^6.3.6",
        "json2csv": "^6.0.0-alpha.2",
        "typescript": "^5.3.3"
      }
    },
    "node_modules/@json2csv/formatters": {
      "version": "7.0.6",
      "resolved": "https://registry.npmjs.org/@json2csv/formatters/-/formatters-7.0.6.tgz",
      "integrity": "sha512-hjIk1H1TR4ydU5ntIENEPgoMGW+Q7mJ+537sDFDbsk+Y3EPl2i4NfFVjw0NJRgT+ihm8X30M67mA8AS6jPidSA=="
    },
    "node_modules/@json2csv/plainjs": {
      "version": "7.0.6",
      "resolved": "https://registry.npmjs.org/@json2csv/plainjs/-/plainjs-7.0.6.tgz",
      "integrity": "sha512-4Md7RPDCSYpmW1HWIpWBOqCd4vWfIqm53S3e/uzQ62iGi7L3r34fK/8nhOMEe+/eVfCx8+gdSCt1d74SlacQHw==",
      "dependencies": {
        "@json2csv/formatters": "^7.0.6",
        "@streamparser/json": "^0.0.20"
      }
    },
    "node_modules/@json2csv/plainjs/node_modules/@streamparser/json": {
      "version": "0.0.20",
      "resolved": "https://registry.npmjs.org/@streamparser/json/-/json-0.0.20.tgz",
      "integrity": "sha512-VqAAkydywPpkw63WQhPVKCD3SdwXuihCUVZbbiY3SfSTGQyHmwRoq27y4dmJdZuJwd5JIlQoMPyGvMbUPY0RKQ=="
    },
    "node_modules/@streamparser/json": {
      "version": "0.0.6",
      "resolved": "https://registry.npmjs.org/@streamparser/json/-/json-0.0.6.tgz",
      "integrity": "sha512-vL9EVn/v+OhZ+Wcs6O4iKE9EUpwHUqHmCtNUMWjqp+6dr85+XPOSGTEsqYNq1Vn04uk9SWlOVmx9J48ggJVT2Q=="
    },
    "node_modules/@types/node": {
      "version": "20.11.17",
      "resolved": "https://registry.npmjs.org/@types/node/-/node-20.11.17.tgz",
      "integrity": "sha512-QmgQZGWu1Yw9TDyAP9ZzpFJKynYNeOvwMJmaxABfieQoVoiVOS6MN1WSpqpRcbeA5+RW82kraAVxCCJg+780Qw==",
      "dependencies": {
        "undici-types": "~5.26.4"
      }
    },
    "node_modules/commander": {
      "version": "6.2.1",
      "resolved": "https://registry.npmjs.org/commander/-/commander-6.2.1.tgz",
      "integrity": "sha512-U7VdrJFnJgo4xjrHpTzu0yrHPGImdsmD95ZlgYSEajAn2JKzDhDTPG9kBTefmObL2w/ngeZnilk+OV9CG3d7UA==",
      "engines": {
        "node": ">= 6"
      }
    },
    "node_modules/csv": {
      "version": "6.3.6",
      "resolved": "https://registry.npmjs.org/csv/-/csv-6.3.6.tgz",
      "integrity": "sha512-jsEsX2HhGp7xiwrJu5srQavKsh+HUJcCi78Ar3m4jlmFKRoTkkMy7ZZPP+LnQChmaztW+uj44oyfMb59daAs/Q==",
      "dependencies": {
        "csv-generate": "^4.3.1",
        "csv-parse": "^5.5.3",
        "csv-stringify": "^6.4.5",
        "stream-transform": "^3.3.0"
      },
      "engines": {
        "node": ">= 0.1.90"
      }
    },
    "node_modules/csv-generate": {
      "version": "4.3.1",
      "resolved": "https://registry.npmjs.org/csv-generate/-/csv-generate-4.3.1.tgz",
      "integrity": "sha512-7YeeJq+44/I/O5N2sr2qBMcHZXhpfe38eh7DOFxyMtYO+Pir7kIfgFkW5MPksqKqqR6+/wX7UGoZm1Ot11151w=="
    },
    "node_modules/csv-parse": {
      "version": "5.5.3",
      "resolved": "https://registry.npmjs.org/csv-parse/-/csv-parse-5.5.3.tgz",
      "integrity": "sha512-v0KW6C0qlZzoGjk6u5tLmVfyZxNgPGXZsWTXshpAgKVGmGXzaVWGdlCFxNx5iuzcXT/oJN1HHM9DZKwtAtYa+A=="
    },
    "node_modules/csv-stringify": {
      "version": "6.4.5",
      "resolved": "https://registry.npmjs.org/csv-stringify/-/csv-stringify-6.4.5.tgz",
      "integrity": "sha512-SPu1Vnh8U5EnzpNOi1NDBL5jU5Rx7DVHr15DNg9LXDTAbQlAVAmEbVt16wZvEW9Fu9Qt4Ji8kmeCJ2B1+4rFTQ=="
    },
    "node_modules/json2csv": {
      "version": "6.0.0-alpha.2",
      "resolved": "https://registry.npmjs.org/json2csv/-/json2csv-6.0.0-alpha.2.tgz",
      "integrity": "sha512-nJ3oP6QxN8z69IT1HmrJdfVxhU1kLTBVgMfRnNZc37YEY+jZ4nU27rBGxT4vaqM/KUCavLRhntmTuBFqZLBUcA==",
      "dependencies": {
        "@streamparser/json": "^0.0.6",
        "commander": "^6.2.0",
        "lodash.get": "^4.4.2"
      },
      "bin": {
        "json2csv": "bin/json2csv.js"
      },
      "engines": {
        "node": ">= 12",
        "npm": ">= 6.13.0"
      }
    },
    "node_modules/lodash.get": {
      "version": "4.4.2",
      "resolved": "https://registry.npmjs.org/lodash.get/-/lodash.get-4.4.2.tgz",
      "integrity": "sha512-z+Uw/vLuy6gQe8cfaFWD7p0wVv8fJl3mbzXh33RS+0oW2wvUqiRXiQ69gLWSLpgB5/6sU+r6BlQR0MBILadqTQ=="
    },
    "node_modules/stream-transform": {
      "version": "3.3.0",
      "resolved": "https://registry.npmjs.org/stream-transform/-/stream-transform-3.3.0.tgz",
      "integrity": "sha512-pG1NeDdmErNYKtvTpFayrEueAmL0xVU5wd22V7InGnatl4Ocq3HY7dcXIKj629kXvYQvglCC7CeDIGAlx1RNGA=="
    },
    "node_modules/typescript": {
      "version": "5.3.3",
      "resolved": "https://registry.npmjs.org/typescript/-/typescript-5.3.3.tgz",
      "integrity": "sha512-pXWcraxM0uxAS+tN0AG/BF2TyqmHO014Z070UsJ+pFvYuRSq8KH8DmWpnbXe0pEPDHXZV3FcAbJkijJ5oNEnWw==",
      "bin": {
        "tsc": "bin/tsc",
        "tsserver": "bin/tsserver"
      },
      "engines": {
        "node": ">=14.17"
      }
    },
    "node_modules/undici-types": {
      "version": "5.26.5",
      "resolved": "https://registry.npmjs.org/undici-types/-/undici-types-5.26.5.tgz",
      "integrity": "sha512-JlCMO+ehdEIKqlFxk6IfVoAUVmgz7cU7zD/h9XZ0qzeosSHmUJVOzSQvvYSYWXkFXC+IfLKSIffhv0sVZup6pA=="
    }
  }
}
